# This file is generated by running "yarn install" inside your project.
# Manual changes might be lost - proceed with caution!

__metadata:
  version: 6

"@brunogarcia/foundation-ds@workspace:^, @brunogarcia/foundation-ds@workspace:packages/foundation":
  version: 0.0.0-use.local
  resolution: "@brunogarcia/foundation-ds@workspace:packages/foundation"
  languageName: unknown
  linkType: soft

"@brunogarcia/react-ds@workspace:^, @brunogarcia/react-ds@workspace:packages/react":
  version: 0.0.0-use.local
  resolution: "@brunogarcia/react-ds@workspace:packages/react"
  dependencies:
    "@brunogarcia/foundation-ds": "workspace:^"
  languageName: unknown
  linkType: soft

"@brunogarcia/storybook-ds@workspace:packages/storybook":
  version: 0.0.0-use.local
  resolution: "@brunogarcia/storybook-ds@workspace:packages/storybook"
  dependencies:
    "@brunogarcia/foundation-ds": "workspace:^"
    "@brunogarcia/react-ds": "workspace:^"
  languageName: unknown
  linkType: soft

"design-system-course@workspace:.":
  version: 0.0.0-use.local
  resolution: "design-system-course@workspace:."
  languageName: unknown
  linkType: soft
